// !$*UTF8*$!
{
    archiveVersion = 1;
    objectVersion = 56;
    objects = {
        /* Begin PBXFileReference section */
        AA0000000000000000000001 /* ViewController.swift */ = {
            isa = PBXFileReference;
            lastKnownFileType = sourcecode.swift;
            path = ViewController.swift;
            sourceTree = "<group>";
        };
        /* End PBXFileReference section */
    };
    rootObject = AA0000000000000000000000 /* Project object */;
}
