// !$*UTF8*$!
{ archiveVersion = 1; classes = {}; objectVersion = 56; objects = {
 A00000000000000000000001 = {isa = PBXProject; buildConfigurationList = A00000000000000000000008; compatibilityVersion = "Xcode 14.0"; mainGroup = A00000000000000000000002; productRefGroup = A00000000000000000000003; projectDirPath = ""; projectRoot = ""; targets = (A00000000000000000000004,); };
 A00000000000000000000002 = {isa = PBXGroup; children = (A00000000000000000000005,A00000000000000000000003,); sourceTree = "<group>";};
 A00000000000000000000003 = {isa = PBXGroup; children = (A00000000000000000000006,); name = Products; sourceTree = "<group>";};
 A00000000000000000000004 = {isa = PBXNativeTarget; buildConfigurationList = A00000000000000000000009; buildPhases = (A00000000000000000000007,); buildRules = (); dependencies = (); name = VeraProbe; productName = VeraProbe; productReference = A00000000000000000000006; productType = "com.apple.product-type.tool";};
 A00000000000000000000005 = {isa = PBXFileReference; lastKnownFileType = sourcecode.c.c; path = main.c; sourceTree = "<group>";};
 A00000000000000000000006 = {isa = PBXFileReference; explicitFileType = "compiled.mach-o.executable"; path = VeraProbe; sourceTree = BUILT_PRODUCTS_DIR;};
 A00000000000000000000007 = {isa = PBXSourcesBuildPhase; buildActionMask = 2147483647; files = (A0000000000000000000000A,); runOnlyForDeploymentPostprocessing = 0;};
 A00000000000000000000008 = {isa = XCConfigurationList; buildConfigurations = (A0000000000000000000000B,); defaultConfigurationIsVisible = 0; defaultConfigurationName = Debug;};
 A00000000000000000000009 = {isa = XCConfigurationList; buildConfigurations = (A0000000000000000000000C,); defaultConfigurationIsVisible = 0; defaultConfigurationName = Debug;};
 A0000000000000000000000A = {isa = PBXBuildFile; fileRef = A00000000000000000000005;};
 A0000000000000000000000B = {isa = XCBuildConfiguration; buildSettings = {SDKROOT = macosx; MACOSX_DEPLOYMENT_TARGET = 14.0;}; name = Debug;};
 A0000000000000000000000C = {isa = XCBuildConfiguration; buildSettings = {PRODUCT_NAME = "$(TARGET_NAME)"; CODE_SIGNING_ALLOWED = NO;}; name = Debug;};
 }; rootObject = A00000000000000000000001; }
